
Microsoft Visual Studio Solution File, Format Version 12.00
# Visual Studio 15
VisualStudioVersion = 15.0.27703.2000
MinimumVisualStudioVersion = 10.0.40219.1
Project("{2150E333-8FDC-42A3-9474-1A3956D46DE8}") = "03 - Domain", "03 - Domain", "{D80463A9-2723-41DD-A4D0-8009B2B2EADD}"
EndProject
Project("{2150E333-8FDC-42A3-9474-1A3956D46DE8}") = "04 - Infrastructure", "04 - Infrastructure", "{A330A331-872F-4A12-B581-7B33D0A2C7C1}"
EndProject
Project("{2150E333-8FDC-42A3-9474-1A3956D46DE8}") = "01 - Presentation", "01 - Presentation", "{3020E8C4-5863-4A43-89F7-02E50820113A}"
EndProject
Project("{2150E333-8FDC-42A3-9474-1A3956D46DE8}") = "02 - Application", "02 - Application", "{1341D6B1-4A87-4107-B60F-4F674EAA8C49}"
EndProject
Project("{9A19103F-16F7-4668-BE54-9A1E7A4F7556}") = "Infra", "..\..\Visual Studio 2017\Projects\Infra\Infra.csproj", "{E764700D-6365-458F-9CF4-F38320E34BDF}"
EndProject
Project("{9A19103F-16F7-4668-BE54-9A1E7A4F7556}") = "NetDocsCore2_1", "NetDocsCore2_1\NetDocsCore2_1.csproj", "{CDFF3B25-EFC4-4EBC-9550-2832226CBA0A}"
EndProject
Project("{FAE04EC0-301F-11D3-BF4B-00C04F79EFBC}") = "MyBI.Application", "TeleHelp.Application\MyBI.Application.csproj", "{AEA37FB0-CBAB-43DE-99D1-DA75E19B4153}"
EndProject
Project("{FAE04EC0-301F-11D3-BF4B-00C04F79EFBC}") = "MyBI.Domain", "TeleHelp.Domain\MyBI.Domain.csproj", "{31BB4E3B-518D-400C-AF32-A1D66755DD30}"
EndProject
Global
	GlobalSection(SolutionConfigurationPlatforms) = preSolution
		Debug|Any CPU = Debug|Any CPU
		Debug|ARM = Debug|ARM
		Debug|iPhone = Debug|iPhone
		Debug|iPhoneSimulator = Debug|iPhoneSimulator
		Debug|x64 = Debug|x64
		Debug|x86 = Debug|x86
		Release|Any CPU = Release|Any CPU
		Release|ARM = Release|ARM
		Release|iPhone = Release|iPhone
		Release|iPhoneSimulator = Release|iPhoneSimulator
		Release|x64 = Release|x64
		Release|x86 = Release|x86
	EndGlobalSection
	GlobalSection(ProjectConfigurationPlatforms) = postSolution
		{E764700D-6365-458F-9CF4-F38320E34BDF}.Debug|Any CPU.ActiveCfg = Debug|Any CPU
		{E764700D-6365-458F-9CF4-F38320E34BDF}.Debug|Any CPU.Build.0 = Debug|Any CPU
		{E764700D-6365-458F-9CF4-F38320E34BDF}.Debug|ARM.ActiveCfg = Debug|Any CPU
		{E764700D-6365-458F-9CF4-F38320E34BDF}.Debug|ARM.Build.0 = Debug|Any CPU
		{E764700D-6365-458F-9CF4-F38320E34BDF}.Debug|iPhone.ActiveCfg = Debug|Any CPU
		{E764700D-6365-458F-9CF4-F38320E34BDF}.Debug|iPhone.Build.0 = Debug|Any CPU
		{E764700D-6365-458F-9CF4-F38320E34BDF}.Debug|iPhoneSimulator.ActiveCfg = Debug|Any CPU
		{E764700D-6365-458F-9CF4-F38320E34BDF}.Debug|iPhoneSimulator.Build.0 = Debug|Any CPU
		{E764700D-6365-458F-9CF4-F38320E34BDF}.Debug|x64.ActiveCfg = Debug|Any CPU
		{E764700D-6365-458F-9CF4-F38320E34BDF}.Debug|x64.Build.0 = Debug|Any CPU
		{E764700D-6365-458F-9CF4-F38320E34BDF}.Debug|x86.ActiveCfg = Debug|Any CPU
		{E764700D-6365-458F-9CF4-F38320E34BDF}.Debug|x86.Build.0 = Debug|Any CPU
		{E764700D-6365-458F-9CF4-F38320E34BDF}.Release|Any CPU.ActiveCfg = Release|Any CPU
		{E764700D-6365-458F-9CF4-F38320E34BDF}.Release|Any CPU.Build.0 = Release|Any CPU
		{E764700D-6365-458F-9CF4-F38320E34BDF}.Release|ARM.ActiveCfg = Release|Any CPU
		{E764700D-6365-458F-9CF4-F38320E34BDF}.Release|ARM.Build.0 = Release|Any CPU
		{E764700D-6365-458F-9CF4-F38320E34BDF}.Release|iPhone.ActiveCfg = Release|Any CPU
		{E764700D-6365-458F-9CF4-F38320E34BDF}.Release|iPhone.Build.0 = Release|Any CPU
		{E764700D-6365-458F-9CF4-F38320E34BDF}.Release|iPhoneSimulator.ActiveCfg = Release|Any CPU
		{E764700D-6365-458F-9CF4-F38320E34BDF}.Release|iPhoneSimulator.Build.0 = Release|Any CPU
		{E764700D-6365-458F-9CF4-F38320E34BDF}.Release|x64.ActiveCfg = Release|Any CPU
		{E764700D-6365-458F-9CF4-F38320E34BDF}.Release|x64.Build.0 = Release|Any CPU
		{E764700D-6365-458F-9CF4-F38320E34BDF}.Release|x86.ActiveCfg = Release|Any CPU
		{E764700D-6365-458F-9CF4-F38320E34BDF}.Release|x86.Build.0 = Release|Any CPU
		{CDFF3B25-EFC4-4EBC-9550-2832226CBA0A}.Debug|Any CPU.ActiveCfg = Debug|Any CPU
		{CDFF3B25-EFC4-4EBC-9550-2832226CBA0A}.Debug|Any CPU.Build.0 = Debug|Any CPU
		{CDFF3B25-EFC4-4EBC-9550-2832226CBA0A}.Debug|ARM.ActiveCfg = Debug|Any CPU
		{CDFF3B25-EFC4-4EBC-9550-2832226CBA0A}.Debug|ARM.Build.0 = Debug|Any CPU
		{CDFF3B25-EFC4-4EBC-9550-2832226CBA0A}.Debug|iPhone.ActiveCfg = Debug|Any CPU
		{CDFF3B25-EFC4-4EBC-9550-2832226CBA0A}.Debug|iPhone.Build.0 = Debug|Any CPU
		{CDFF3B25-EFC4-4EBC-9550-2832226CBA0A}.Debug|iPhoneSimulator.ActiveCfg = Debug|Any CPU
		{CDFF3B25-EFC4-4EBC-9550-2832226CBA0A}.Debug|iPhoneSimulator.Build.0 = Debug|Any CPU
		{CDFF3B25-EFC4-4EBC-9550-2832226CBA0A}.Debug|x64.ActiveCfg = Debug|Any CPU
		{CDFF3B25-EFC4-4EBC-9550-2832226CBA0A}.Debug|x64.Build.0 = Debug|Any CPU
		{CDFF3B25-EFC4-4EBC-9550-2832226CBA0A}.Debug|x86.ActiveCfg = Debug|Any CPU
		{CDFF3B25-EFC4-4EBC-9550-2832226CBA0A}.Debug|x86.Build.0 = Debug|Any CPU
		{CDFF3B25-EFC4-4EBC-9550-2832226CBA0A}.Release|Any CPU.ActiveCfg = Release|Any CPU
		{CDFF3B25-EFC4-4EBC-9550-2832226CBA0A}.Release|Any CPU.Build.0 = Release|Any CPU
		{CDFF3B25-EFC4-4EBC-9550-2832226CBA0A}.Release|ARM.ActiveCfg = Release|Any CPU
		{CDFF3B25-EFC4-4EBC-9550-2832226CBA0A}.Release|ARM.Build.0 = Release|Any CPU
		{CDFF3B25-EFC4-4EBC-9550-2832226CBA0A}.Release|iPhone.ActiveCfg = Release|Any CPU
		{CDFF3B25-EFC4-4EBC-9550-2832226CBA0A}.Release|iPhone.Build.0 = Release|Any CPU
		{CDFF3B25-EFC4-4EBC-9550-2832226CBA0A}.Release|iPhoneSimulator.ActiveCfg = Release|Any CPU
		{CDFF3B25-EFC4-4EBC-9550-2832226CBA0A}.Release|iPhoneSimulator.Build.0 = Release|Any CPU
		{CDFF3B25-EFC4-4EBC-9550-2832226CBA0A}.Release|x64.ActiveCfg = Release|Any CPU
		{CDFF3B25-EFC4-4EBC-9550-2832226CBA0A}.Release|x64.Build.0 = Release|Any CPU
		{CDFF3B25-EFC4-4EBC-9550-2832226CBA0A}.Release|x86.ActiveCfg = Release|Any CPU
		{CDFF3B25-EFC4-4EBC-9550-2832226CBA0A}.Release|x86.Build.0 = Release|Any CPU
		{AEA37FB0-CBAB-43DE-99D1-DA75E19B4153}.Debug|Any CPU.ActiveCfg = Debug|Any CPU
		{AEA37FB0-CBAB-43DE-99D1-DA75E19B4153}.Debug|Any CPU.Build.0 = Debug|Any CPU
		{AEA37FB0-CBAB-43DE-99D1-DA75E19B4153}.Debug|ARM.ActiveCfg = Debug|Any CPU
		{AEA37FB0-CBAB-43DE-99D1-DA75E19B4153}.Debug|ARM.Build.0 = Debug|Any CPU
		{AEA37FB0-CBAB-43DE-99D1-DA75E19B4153}.Debug|iPhone.ActiveCfg = Debug|Any CPU
		{AEA37FB0-CBAB-43DE-99D1-DA75E19B4153}.Debug|iPhone.Build.0 = Debug|Any CPU
		{AEA37FB0-CBAB-43DE-99D1-DA75E19B4153}.Debug|iPhoneSimulator.ActiveCfg = Debug|Any CPU
		{AEA37FB0-CBAB-43DE-99D1-DA75E19B4153}.Debug|iPhoneSimulator.Build.0 = Debug|Any CPU
		{AEA37FB0-CBAB-43DE-99D1-DA75E19B4153}.Debug|x64.ActiveCfg = Debug|Any CPU
		{AEA37FB0-CBAB-43DE-99D1-DA75E19B4153}.Debug|x64.Build.0 = Debug|Any CPU
		{AEA37FB0-CBAB-43DE-99D1-DA75E19B4153}.Debug|x86.ActiveCfg = Debug|Any CPU
		{AEA37FB0-CBAB-43DE-99D1-DA75E19B4153}.Debug|x86.Build.0 = Debug|Any CPU
		{AEA37FB0-CBAB-43DE-99D1-DA75E19B4153}.Release|Any CPU.ActiveCfg = Release|Any CPU
		{AEA37FB0-CBAB-43DE-99D1-DA75E19B4153}.Release|Any CPU.Build.0 = Release|Any CPU
		{AEA37FB0-CBAB-43DE-99D1-DA75E19B4153}.Release|ARM.ActiveCfg = Release|Any CPU
		{AEA37FB0-CBAB-43DE-99D1-DA75E19B4153}.Release|ARM.Build.0 = Release|Any CPU
		{AEA37FB0-CBAB-43DE-99D1-DA75E19B4153}.Release|iPhone.ActiveCfg = Release|Any CPU
		{AEA37FB0-CBAB-43DE-99D1-DA75E19B4153}.Release|iPhone.Build.0 = Release|Any CPU
		{AEA37FB0-CBAB-43DE-99D1-DA75E19B4153}.Release|iPhoneSimulator.ActiveCfg = Release|Any CPU
		{AEA37FB0-CBAB-43DE-99D1-DA75E19B4153}.Release|iPhoneSimulator.Build.0 = Release|Any CPU
		{AEA37FB0-CBAB-43DE-99D1-DA75E19B4153}.Release|x64.ActiveCfg = Release|Any CPU
		{AEA37FB0-CBAB-43DE-99D1-DA75E19B4153}.Release|x64.Build.0 = Release|Any CPU
		{AEA37FB0-CBAB-43DE-99D1-DA75E19B4153}.Release|x86.ActiveCfg = Release|Any CPU
		{AEA37FB0-CBAB-43DE-99D1-DA75E19B4153}.Release|x86.Build.0 = Release|Any CPU
		{31BB4E3B-518D-400C-AF32-A1D66755DD30}.Debug|Any CPU.ActiveCfg = Debug|Any CPU
		{31BB4E3B-518D-400C-AF32-A1D66755DD30}.Debug|Any CPU.Build.0 = Debug|Any CPU
		{31BB4E3B-518D-400C-AF32-A1D66755DD30}.Debug|ARM.ActiveCfg = Debug|Any CPU
		{31BB4E3B-518D-400C-AF32-A1D66755DD30}.Debug|ARM.Build.0 = Debug|Any CPU
		{31BB4E3B-518D-400C-AF32-A1D66755DD30}.Debug|iPhone.ActiveCfg = Debug|Any CPU
		{31BB4E3B-518D-400C-AF32-A1D66755DD30}.Debug|iPhone.Build.0 = Debug|Any CPU
		{31BB4E3B-518D-400C-AF32-A1D66755DD30}.Debug|iPhoneSimulator.ActiveCfg = Debug|Any CPU
		{31BB4E3B-518D-400C-AF32-A1D66755DD30}.Debug|iPhoneSimulator.Build.0 = Debug|Any CPU
		{31BB4E3B-518D-400C-AF32-A1D66755DD30}.Debug|x64.ActiveCfg = Debug|Any CPU
		{31BB4E3B-518D-400C-AF32-A1D66755DD30}.Debug|x64.Build.0 = Debug|Any CPU
		{31BB4E3B-518D-400C-AF32-A1D66755DD30}.Debug|x86.ActiveCfg = Debug|Any CPU
		{31BB4E3B-518D-400C-AF32-A1D66755DD30}.Debug|x86.Build.0 = Debug|Any CPU
		{31BB4E3B-518D-400C-AF32-A1D66755DD30}.Release|Any CPU.ActiveCfg = Release|Any CPU
		{31BB4E3B-518D-400C-AF32-A1D66755DD30}.Release|Any CPU.Build.0 = Release|Any CPU
		{31BB4E3B-518D-400C-AF32-A1D66755DD30}.Release|ARM.ActiveCfg = Release|Any CPU
		{31BB4E3B-518D-400C-AF32-A1D66755DD30}.Release|ARM.Build.0 = Release|Any CPU
		{31BB4E3B-518D-400C-AF32-A1D66755DD30}.Release|iPhone.ActiveCfg = Release|Any CPU
		{31BB4E3B-518D-400C-AF32-A1D66755DD30}.Release|iPhone.Build.0 = Release|Any CPU
		{31BB4E3B-518D-400C-AF32-A1D66755DD30}.Release|iPhoneSimulator.ActiveCfg = Release|Any CPU
		{31BB4E3B-518D-400C-AF32-A1D66755DD30}.Release|iPhoneSimulator.Build.0 = Release|Any CPU
		{31BB4E3B-518D-400C-AF32-A1D66755DD30}.Release|x64.ActiveCfg = Release|Any CPU
		{31BB4E3B-518D-400C-AF32-A1D66755DD30}.Release|x64.Build.0 = Release|Any CPU
		{31BB4E3B-518D-400C-AF32-A1D66755DD30}.Release|x86.ActiveCfg = Release|Any CPU
		{31BB4E3B-518D-400C-AF32-A1D66755DD30}.Release|x86.Build.0 = Release|Any CPU
	EndGlobalSection
	GlobalSection(SolutionProperties) = preSolution
		HideSolutionNode = FALSE
	EndGlobalSection
	GlobalSection(NestedProjects) = preSolution
		{E764700D-6365-458F-9CF4-F38320E34BDF} = {A330A331-872F-4A12-B581-7B33D0A2C7C1}
		{CDFF3B25-EFC4-4EBC-9550-2832226CBA0A} = {3020E8C4-5863-4A43-89F7-02E50820113A}
		{AEA37FB0-CBAB-43DE-99D1-DA75E19B4153} = {1341D6B1-4A87-4107-B60F-4F674EAA8C49}
		{31BB4E3B-518D-400C-AF32-A1D66755DD30} = {D80463A9-2723-41DD-A4D0-8009B2B2EADD}
	EndGlobalSection
	GlobalSection(ExtensibilityGlobals) = postSolution
		SolutionGuid = {ACC2AF96-1A2F-49A3-9A3F-8F8C24122EA8}
	EndGlobalSection
EndGlobal
